
Microsoft Visual Studio Solution File, Format Version 12.00
# Visual Studio Version 16
VisualStudioVersion = 16.0.29424.173
MinimumVisualStudioVersion = 10.0.40219.1
Project("{8BC9CEB8-8B4A-11D0-8D11-00A0C91BC942}") = "solarbot", "solarbot\solarbot.vcxproj", "{54F23314-08BB-437A-A381-C89C7EF2F348}"
EndProject
Global
	GlobalSection(SolutionConfigurationPlatforms) = preSolution
		Debug|ARM = Debug|ARM
		Debug|ARM64 = Debug|ARM64
		Debug|x64 = Debug|x64
		Debug|x86 = Debug|x86
		Release|ARM = Release|ARM
		Release|ARM64 = Release|ARM64
		Release|x64 = Release|x64
		Release|x86 = Release|x86
	EndGlobalSection
	GlobalSection(ProjectConfigurationPlatforms) = postSolution
		{54F23314-08BB-437A-A381-C89C7EF2F348}.Debug|ARM.ActiveCfg = Debug|ARM
		{54F23314-08BB-437A-A381-C89C7EF2F348}.Debug|ARM.Build.0 = Debug|ARM
		{54F23314-08BB-437A-A381-C89C7EF2F348}.Debug|ARM64.ActiveCfg = Debug|ARM64
		{54F23314-08BB-437A-A381-C89C7EF2F348}.Debug|x64.ActiveCfg = Debug|x64
		{54F23314-08BB-437A-A381-C89C7EF2F348}.Debug|x64.Build.0 = Debug|x64
		{54F23314-08BB-437A-A381-C89C7EF2F348}.Debug|x86.ActiveCfg = Debug|x86
		{54F23314-08BB-437A-A381-C89C7EF2F348}.Debug|x86.Build.0 = Debug|x86
		{54F23314-08BB-437A-A381-C89C7EF2F348}.Release|ARM.ActiveCfg = Release|ARM
		{54F23314-08BB-437A-A381-C89C7EF2F348}.Release|ARM.Build.0 = Release|ARM
		{54F23314-08BB-437A-A381-C89C7EF2F348}.Release|ARM64.ActiveCfg = Release|x86
		{54F23314-08BB-437A-A381-C89C7EF2F348}.Release|x64.ActiveCfg = Release|x64
		{54F23314-08BB-437A-A381-C89C7EF2F348}.Release|x64.Build.0 = Release|x64
		{54F23314-08BB-437A-A381-C89C7EF2F348}.Release|x86.ActiveCfg = Release|x86
		{54F23314-08BB-437A-A381-C89C7EF2F348}.Release|x86.Build.0 = Release|x86
	EndGlobalSection
	GlobalSection(SolutionProperties) = preSolution
		HideSolutionNode = FALSE
	EndGlobalSection
	GlobalSection(ExtensibilityGlobals) = postSolution
		SolutionGuid = {9593C72A-D4B0-4C35-A764-D06074EADF21}
	EndGlobalSection
EndGlobal
